// !$*UTF8*$!
{
	archiveVersion = 1;
	classes = {
	};
	objectVersion = 48;
	objects = {

/* Begin PBXBuildFile section */
		141690F0C6C00E83139AC50A /* Pods_LeetLootTests.framework in Frameworks */ = {isa = PBXBuildFile; fileRef = B7756037293945067944C34A /* Pods_LeetLootTests.framework */; };
		AB3CE83320068CAA00EF3A5D /* Browse_Game+Extension.swift in Sources */ = {isa = PBXBuildFile; fileRef = AB3CE83220068CAA00EF3A5D /* Browse_Game+Extension.swift */; };
		AB3CE83520068CC500EF3A5D /* Browse_Game.swift in Sources */ = {isa = PBXBuildFile; fileRef = AB3CE83420068CC500EF3A5D /* Browse_Game.swift */; };
		AB3CE83720068D0A00EF3A5D /* Merch_Cell.swift in Sources */ = {isa = PBXBuildFile; fileRef = AB3CE83620068D0A00EF3A5D /* Merch_Cell.swift */; };
		AB3CE83920068D2A00EF3A5D /* Merch_Header_Cell.swift in Sources */ = {isa = PBXBuildFile; fileRef = AB3CE83820068D2A00EF3A5D /* Merch_Header_Cell.swift */; };
		AB406EF01FF76E9600A1FD1D /* MenuBar.swift in Sources */ = {isa = PBXBuildFile; fileRef = AB406EEF1FF76E9600A1FD1D /* MenuBar.swift */; };
		AB6DA787200FF75500135CF5 /* ScrollView.swift in Sources */ = {isa = PBXBuildFile; fileRef = AB6DA786200FF75500135CF5 /* ScrollView.swift */; };
		AB7847C61FDDFB24008EBD70 /* AppDelegate.swift in Sources */ = {isa = PBXBuildFile; fileRef = AB7847C51FDDFB24008EBD70 /* AppDelegate.swift */; };
		AB7847C81FDDFB24008EBD70 /* Home.swift in Sources */ = {isa = PBXBuildFile; fileRef = AB7847C71FDDFB24008EBD70 /* Home.swift */; };
		AB7847CD1FDDFB24008EBD70 /* Assets.xcassets in Resources */ = {isa = PBXBuildFile; fileRef = AB7847CC1FDDFB24008EBD70 /* Assets.xcassets */; };
		AB7847D01FDDFB24008EBD70 /* LaunchScreen.storyboard in Resources */ = {isa = PBXBuildFile; fileRef = AB7847CE1FDDFB24008EBD70 /* LaunchScreen.storyboard */; };
		AB7847DB1FDDFB24008EBD70 /* LeetLootTests.swift in Sources */ = {isa = PBXBuildFile; fileRef = AB7847DA1FDDFB24008EBD70 /* LeetLootTests.swift */; };
		AB7CE6411FF8901C0050125C /* General+Extension.swift in Sources */ = {isa = PBXBuildFile; fileRef = AB7CE6401FF8901C0050125C /* General+Extension.swift */; };
		ABA5A91520106DC9005D66D5 /* BuyItem.swift in Sources */ = {isa = PBXBuildFile; fileRef = ABA5A91420106DC9005D66D5 /* BuyItem.swift */; };
		ABBC3F89201011330004C2C5 /* Constants.swift in Sources */ = {isa = PBXBuildFile; fileRef = ABBC3F88201011320004C2C5 /* Constants.swift */; };
		BA25D71E3395478B222BCCA7 /* Pods_LeetLoot.framework in Frameworks */ = {isa = PBXBuildFile; fileRef = 2332B1B8B9901E9E01AC1AE7 /* Pods_LeetLoot.framework */; };
		BE24D7381FF585C600E745E6 /* Browse.swift in Sources */ = {isa = PBXBuildFile; fileRef = BE24D7371FF585C600E745E6 /* Browse.swift */; };
		BE24D73A1FF585EC00E745E6 /* PageView.swift in Sources */ = {isa = PBXBuildFile; fileRef = BE24D7391FF585EC00E745E6 /* PageView.swift */; };
		E86A6F231FEC81C6003188BB /* GoogleService-Info.plist in Resources */ = {isa = PBXBuildFile; fileRef = E86A6F221FEC81C5003188BB /* GoogleService-Info.plist */; };
/* End PBXBuildFile section */

/* Begin PBXContainerItemProxy section */
		AB7847D71FDDFB24008EBD70 /* PBXContainerItemProxy */ = {
			isa = PBXContainerItemProxy;
			containerPortal = AB7847BA1FDDFB24008EBD70 /* Project object */;
			proxyType = 1;
			remoteGlobalIDString = AB7847C11FDDFB24008EBD70;
			remoteInfo = LeetLoot;
		};
/* End PBXContainerItemProxy section */

/* Begin PBXFileReference section */
		2273B31204F924AED3B719B2 /* Pods-LeetLoot.release.xcconfig */ = {isa = PBXFileReference; includeInIndex = 1; lastKnownFileType = text.xcconfig; name = "Pods-LeetLoot.release.xcconfig"; path = "Pods/Target Support Files/Pods-LeetLoot/Pods-LeetLoot.release.xcconfig"; sourceTree = "<group>"; };
		2332B1B8B9901E9E01AC1AE7 /* Pods_LeetLoot.framework */ = {isa = PBXFileReference; explicitFileType = wrapper.framework; includeInIndex = 0; path = Pods_LeetLoot.framework; sourceTree = BUILT_PRODUCTS_DIR; };
		26B939428E35986B807F8E56 /* Pods-LeetLootTests.debug.xcconfig */ = {isa = PBXFileReference; includeInIndex = 1; lastKnownFileType = text.xcconfig; name = "Pods-LeetLootTests.debug.xcconfig"; path = "Pods/Target Support Files/Pods-LeetLootTests/Pods-LeetLootTests.debug.xcconfig"; sourceTree = "<group>"; };
		7A1F30C730B697589D58797A /* Pods-LeetLootTests.release.xcconfig */ = {isa = PBXFileReference; includeInIndex = 1; lastKnownFileType = text.xcconfig; name = "Pods-LeetLootTests.release.xcconfig"; path = "Pods/Target Support Files/Pods-LeetLootTests/Pods-LeetLootTests.release.xcconfig"; sourceTree = "<group>"; };
		AB3CE83220068CAA00EF3A5D /* Browse_Game+Extension.swift */ = {isa = PBXFileReference; lastKnownFileType = sourcecode.swift; path = "Browse_Game+Extension.swift"; sourceTree = "<group>"; };
		AB3CE83420068CC500EF3A5D /* Browse_Game.swift */ = {isa = PBXFileReference; lastKnownFileType = sourcecode.swift; path = Browse_Game.swift; sourceTree = "<group>"; };
		AB3CE83620068D0A00EF3A5D /* Merch_Cell.swift */ = {isa = PBXFileReference; lastKnownFileType = sourcecode.swift; path = Merch_Cell.swift; sourceTree = "<group>"; };
		AB3CE83820068D2A00EF3A5D /* Merch_Header_Cell.swift */ = {isa = PBXFileReference; lastKnownFileType = sourcecode.swift; path = Merch_Header_Cell.swift; sourceTree = "<group>"; };
		AB406EEF1FF76E9600A1FD1D /* MenuBar.swift */ = {isa = PBXFileReference; lastKnownFileType = sourcecode.swift; path = MenuBar.swift; sourceTree = "<group>"; };
		AB6DA786200FF75500135CF5 /* ScrollView.swift */ = {isa = PBXFileReference; lastKnownFileType = sourcecode.swift; path = ScrollView.swift; sourceTree = "<group>"; };
		AB7847C21FDDFB24008EBD70 /* LeetLoot.app */ = {isa = PBXFileReference; explicitFileType = wrapper.application; includeInIndex = 0; path = LeetLoot.app; sourceTree = BUILT_PRODUCTS_DIR; };
		AB7847C51FDDFB24008EBD70 /* AppDelegate.swift */ = {isa = PBXFileReference; lastKnownFileType = sourcecode.swift; path = AppDelegate.swift; sourceTree = "<group>"; };
		AB7847C71FDDFB24008EBD70 /* Home.swift */ = {isa = PBXFileReference; lastKnownFileType = sourcecode.swift; path = Home.swift; sourceTree = "<group>"; };
		AB7847CC1FDDFB24008EBD70 /* Assets.xcassets */ = {isa = PBXFileReference; lastKnownFileType = folder.assetcatalog; path = Assets.xcassets; sourceTree = "<group>"; };
		AB7847CF1FDDFB24008EBD70 /* Base */ = {isa = PBXFileReference; lastKnownFileType = file.storyboard; name = Base; path = Base.lproj/LaunchScreen.storyboard; sourceTree = "<group>"; };
		AB7847D11FDDFB24008EBD70 /* Info.plist */ = {isa = PBXFileReference; lastKnownFileType = text.plist.xml; path = Info.plist; sourceTree = "<group>"; };
		AB7847D61FDDFB24008EBD70 /* LeetLootTests.xctest */ = {isa = PBXFileReference; explicitFileType = wrapper.cfbundle; includeInIndex = 0; path = LeetLootTests.xctest; sourceTree = BUILT_PRODUCTS_DIR; };
		AB7847DA1FDDFB24008EBD70 /* LeetLootTests.swift */ = {isa = PBXFileReference; lastKnownFileType = sourcecode.swift; path = LeetLootTests.swift; sourceTree = "<group>"; };
		AB7847DC1FDDFB24008EBD70 /* Info.plist */ = {isa = PBXFileReference; lastKnownFileType = text.plist.xml; path = Info.plist; sourceTree = "<group>"; };
		AB7CE6401FF8901C0050125C /* General+Extension.swift */ = {isa = PBXFileReference; lastKnownFileType = sourcecode.swift; path = "General+Extension.swift"; sourceTree = "<group>"; };
		ABA5A91420106DC9005D66D5 /* BuyItem.swift */ = {isa = PBXFileReference; lastKnownFileType = sourcecode.swift; path = BuyItem.swift; sourceTree = "<group>"; };
		ABBC3F88201011320004C2C5 /* Constants.swift */ = {isa = PBXFileReference; lastKnownFileType = sourcecode.swift; path = Constants.swift; sourceTree = "<group>"; };
		B32F9ADFD97BBE109C6F27A6 /* Pods-LeetLoot.debug.xcconfig */ = {isa = PBXFileReference; includeInIndex = 1; lastKnownFileType = text.xcconfig; name = "Pods-LeetLoot.debug.xcconfig"; path = "Pods/Target Support Files/Pods-LeetLoot/Pods-LeetLoot.debug.xcconfig"; sourceTree = "<group>"; };
		B7756037293945067944C34A /* Pods_LeetLootTests.framework */ = {isa = PBXFileReference; explicitFileType = wrapper.framework; includeInIndex = 0; path = Pods_LeetLootTests.framework; sourceTree = BUILT_PRODUCTS_DIR; };
		BE24D7371FF585C600E745E6 /* Browse.swift */ = {isa = PBXFileReference; lastKnownFileType = sourcecode.swift; path = Browse.swift; sourceTree = "<group>"; };
		BE24D7391FF585EC00E745E6 /* PageView.swift */ = {isa = PBXFileReference; lastKnownFileType = sourcecode.swift; path = PageView.swift; sourceTree = "<group>"; };
		E86A6F221FEC81C5003188BB /* GoogleService-Info.plist */ = {isa = PBXFileReference; fileEncoding = 4; lastKnownFileType = text.plist.xml; path = "GoogleService-Info.plist"; sourceTree = "<group>"; };
/* End PBXFileReference section */

/* Begin PBXFrameworksBuildPhase section */
		AB7847BF1FDDFB24008EBD70 /* Frameworks */ = {
			isa = PBXFrameworksBuildPhase;
			buildActionMask = 2147483647;
			files = (
				BA25D71E3395478B222BCCA7 /* Pods_LeetLoot.framework in Frameworks */,
			);
			runOnlyForDeploymentPostprocessing = 0;
		};
		AB7847D31FDDFB24008EBD70 /* Frameworks */ = {
			isa = PBXFrameworksBuildPhase;
			buildActionMask = 2147483647;
			files = (
				141690F0C6C00E83139AC50A /* Pods_LeetLootTests.framework in Frameworks */,
			);
			runOnlyForDeploymentPostprocessing = 0;
		};
/* End PBXFrameworksBuildPhase section */

/* Begin PBXGroup section */
		98991E43370EBD388C24AA36 /* Frameworks */ = {
			isa = PBXGroup;
			children = (
				2332B1B8B9901E9E01AC1AE7 /* Pods_LeetLoot.framework */,
				B7756037293945067944C34A /* Pods_LeetLootTests.framework */,
			);
			name = Frameworks;
			sourceTree = "<group>";
		};
		AB7847B91FDDFB24008EBD70 = {
			isa = PBXGroup;
			children = (
				AB7847C41FDDFB24008EBD70 /* LeetLoot */,
				AB7CE63F1FF88FFD0050125C /* Extension */,
				AB7847D91FDDFB24008EBD70 /* LeetLootTests */,
				AB7847C31FDDFB24008EBD70 /* Products */,
				DFEEA0AE006D30D64C78C322 /* Pods */,
				98991E43370EBD388C24AA36 /* Frameworks */,
			);
			sourceTree = "<group>";
		};
		AB7847C31FDDFB24008EBD70 /* Products */ = {
			isa = PBXGroup;
			children = (
				AB7847C21FDDFB24008EBD70 /* LeetLoot.app */,
				AB7847D61FDDFB24008EBD70 /* LeetLootTests.xctest */,
			);
			name = Products;
			sourceTree = "<group>";
		};
		AB7847C41FDDFB24008EBD70 /* LeetLoot */ = {
			isa = PBXGroup;
			children = (
				AB7847E51FDDFC02008EBD70 /* Supporting Files */,
				AB7847E71FDDFC1F008EBD70 /* Model */,
				AB7847E81FDDFC2A008EBD70 /* View */,
				AB7847E61FDDFC15008EBD70 /* Controller */,
			);
			path = LeetLoot;
			sourceTree = "<group>";
		};
		AB7847D91FDDFB24008EBD70 /* LeetLootTests */ = {
			isa = PBXGroup;
			children = (
				AB7847DA1FDDFB24008EBD70 /* LeetLootTests.swift */,
				AB7847DC1FDDFB24008EBD70 /* Info.plist */,
			);
			path = LeetLootTests;
			sourceTree = "<group>";
		};
		AB7847E51FDDFC02008EBD70 /* Supporting Files */ = {
			isa = PBXGroup;
			children = (
				ABBC3F88201011320004C2C5 /* Constants.swift */,
				AB7847C51FDDFB24008EBD70 /* AppDelegate.swift */,
				AB7847CC1FDDFB24008EBD70 /* Assets.xcassets */,
				AB7847CE1FDDFB24008EBD70 /* LaunchScreen.storyboard */,
				AB7847D11FDDFB24008EBD70 /* Info.plist */,
				E86A6F221FEC81C5003188BB /* GoogleService-Info.plist */,
			);
			path = "Supporting Files";
			sourceTree = "<group>";
		};
		AB7847E61FDDFC15008EBD70 /* Controller */ = {
			isa = PBXGroup;
			children = (
				AB7847C71FDDFB24008EBD70 /* Home.swift */,
				BE24D7371FF585C600E745E6 /* Browse.swift */,
				BE24D7391FF585EC00E745E6 /* PageView.swift */,
				AB3CE83420068CC500EF3A5D /* Browse_Game.swift */,
			);
			path = Controller;
			sourceTree = "<group>";
		};
		AB7847E71FDDFC1F008EBD70 /* Model */ = {
			isa = PBXGroup;
			children = (
			);
			name = Model;
			sourceTree = "<group>";
		};
		AB7847E81FDDFC2A008EBD70 /* View */ = {
			isa = PBXGroup;
			children = (
				AB406EEF1FF76E9600A1FD1D /* MenuBar.swift */,
				AB3CE83820068D2A00EF3A5D /* Merch_Header_Cell.swift */,
				ABA5A91420106DC9005D66D5 /* BuyItem.swift */,
				AB3CE83620068D0A00EF3A5D /* Merch_Cell.swift */,
				AB6DA786200FF75500135CF5 /* ScrollView.swift */,
			);
			name = View;
			sourceTree = "<group>";
		};
		AB7CE63F1FF88FFD0050125C /* Extension */ = {
			isa = PBXGroup;
			children = (
				AB7CE6401FF8901C0050125C /* General+Extension.swift */,
				AB3CE83220068CAA00EF3A5D /* Browse_Game+Extension.swift */,
			);
			path = Extension;
			sourceTree = "<group>";
		};
		DFEEA0AE006D30D64C78C322 /* Pods */ = {
			isa = PBXGroup;
			children = (
				B32F9ADFD97BBE109C6F27A6 /* Pods-LeetLoot.debug.xcconfig */,
				2273B31204F924AED3B719B2 /* Pods-LeetLoot.release.xcconfig */,
				26B939428E35986B807F8E56 /* Pods-LeetLootTests.debug.xcconfig */,
				7A1F30C730B697589D58797A /* Pods-LeetLootTests.release.xcconfig */,
			);
			name = Pods;
			sourceTree = "<group>";
		};
/* End PBXGroup section */

/* Begin PBXNativeTarget section */
		AB7847C11FDDFB24008EBD70 /* LeetLoot */ = {
			isa = PBXNativeTarget;
			buildConfigurationList = AB7847DF1FDDFB24008EBD70 /* Build configuration list for PBXNativeTarget "LeetLoot" */;
			buildPhases = (
				399A39D13038E8C9FF0FA62E /* [CP] Check Pods Manifest.lock */,
				AB7847BE1FDDFB24008EBD70 /* Sources */,
				AB7847BF1FDDFB24008EBD70 /* Frameworks */,
				AB7847C01FDDFB24008EBD70 /* Resources */,
				D8E048AA4E76D2CE2C3EDF51 /* [CP] Embed Pods Frameworks */,
				3CD4D0C27AA3720FE2C1C2A3 /* [CP] Copy Pods Resources */,
			);
			buildRules = (
			);
			dependencies = (
			);
			name = LeetLoot;
			productName = LeetLoot;
			productReference = AB7847C21FDDFB24008EBD70 /* LeetLoot.app */;
			productType = "com.apple.product-type.application";
		};
		AB7847D51FDDFB24008EBD70 /* LeetLootTests */ = {
			isa = PBXNativeTarget;
			buildConfigurationList = AB7847E21FDDFB24008EBD70 /* Build configuration list for PBXNativeTarget "LeetLootTests" */;
			buildPhases = (
				71D3CD604C95FFBFC94FC895 /* [CP] Check Pods Manifest.lock */,
				AB7847D21FDDFB24008EBD70 /* Sources */,
				AB7847D31FDDFB24008EBD70 /* Frameworks */,
				AB7847D41FDDFB24008EBD70 /* Resources */,
				B1888780EC3315B77DF02BAC /* [CP] Embed Pods Frameworks */,
				355E18C9DA46B5F3E767BDDF /* [CP] Copy Pods Resources */,
			);
			buildRules = (
			);
			dependencies = (
				AB7847D81FDDFB24008EBD70 /* PBXTargetDependency */,
			);
			name = LeetLootTests;
			productName = LeetLootTests;
			productReference = AB7847D61FDDFB24008EBD70 /* LeetLootTests.xctest */;
			productType = "com.apple.product-type.bundle.unit-test";
		};
/* End PBXNativeTarget section */

/* Begin PBXProject section */
		AB7847BA1FDDFB24008EBD70 /* Project object */ = {
			isa = PBXProject;
			attributes = {
				LastSwiftUpdateCheck = 0920;
				LastUpgradeCheck = 0920;
				ORGANIZATIONNAME = "Kiarash Teymoury";
				TargetAttributes = {
					AB7847C11FDDFB24008EBD70 = {
						CreatedOnToolsVersion = 9.2;
						ProvisioningStyle = Automatic;
					};
					AB7847D51FDDFB24008EBD70 = {
						CreatedOnToolsVersion = 9.2;
						ProvisioningStyle = Automatic;
						TestTargetID = AB7847C11FDDFB24008EBD70;
					};
				};
			};
			buildConfigurationList = AB7847BD1FDDFB24008EBD70 /* Build configuration list for PBXProject "LeetLoot" */;
			compatibilityVersion = "Xcode 8.0";
			developmentRegion = en;
			hasScannedForEncodings = 0;
			knownRegions = (
				en,
				Base,
			);
			mainGroup = AB7847B91FDDFB24008EBD70;
			productRefGroup = AB7847C31FDDFB24008EBD70 /* Products */;
			projectDirPath = "";
			projectRoot = "";
			targets = (
				AB7847C11FDDFB24008EBD70 /* LeetLoot */,
				AB7847D51FDDFB24008EBD70 /* LeetLootTests */,
			);
		};
/* End PBXProject section */

/* Begin PBXResourcesBuildPhase section */
		AB7847C01FDDFB24008EBD70 /* Resources */ = {
			isa = PBXResourcesBuildPhase;
			buildActionMask = 2147483647;
			files = (
				AB7847D01FDDFB24008EBD70 /* LaunchScreen.storyboard in Resources */,
				AB7847CD1FDDFB24008EBD70 /* Assets.xcassets in Resources */,
				E86A6F231FEC81C6003188BB /* GoogleService-Info.plist in Resources */,
			);
			runOnlyForDeploymentPostprocessing = 0;
		};
		AB7847D41FDDFB24008EBD70 /* Resources */ = {
			isa = PBXResourcesBuildPhase;
			buildActionMask = 2147483647;
			files = (
			);
			runOnlyForDeploymentPostprocessing = 0;
		};
/* End PBXResourcesBuildPhase section */

/* Begin PBXShellScriptBuildPhase section */
		355E18C9DA46B5F3E767BDDF /* [CP] Copy Pods Resources */ = {
			isa = PBXShellScriptBuildPhase;
			buildActionMask = 2147483647;
			files = (
			);
			inputPaths = (
			);
			name = "[CP] Copy Pods Resources";
			outputPaths = (
			);
			runOnlyForDeploymentPostprocessing = 0;
			shellPath = /bin/sh;
			shellScript = "\"${SRCROOT}/Pods/Target Support Files/Pods-LeetLootTests/Pods-LeetLootTests-resources.sh\"\n";
			showEnvVarsInLog = 0;
		};
		399A39D13038E8C9FF0FA62E /* [CP] Check Pods Manifest.lock */ = {
			isa = PBXShellScriptBuildPhase;
			buildActionMask = 2147483647;
			files = (
			);
			inputPaths = (
				"${PODS_PODFILE_DIR_PATH}/Podfile.lock",
				"${PODS_ROOT}/Manifest.lock",
			);
			name = "[CP] Check Pods Manifest.lock";
			outputPaths = (
				"$(DERIVED_FILE_DIR)/Pods-LeetLoot-checkManifestLockResult.txt",
			);
			runOnlyForDeploymentPostprocessing = 0;
			shellPath = /bin/sh;
			shellScript = "diff \"${PODS_PODFILE_DIR_PATH}/Podfile.lock\" \"${PODS_ROOT}/Manifest.lock\" > /dev/null\nif [ $? != 0 ] ; then\n    # print error to STDERR\n    echo \"error: The sandbox is not in sync with the Podfile.lock. Run 'pod install' or update your CocoaPods installation.\" >&2\n    exit 1\nfi\n# This output is used by Xcode 'outputs' to avoid re-running this script phase.\necho \"SUCCESS\" > \"${SCRIPT_OUTPUT_FILE_0}\"\n";
			showEnvVarsInLog = 0;
		};
		3CD4D0C27AA3720FE2C1C2A3 /* [CP] Copy Pods Resources */ = {
			isa = PBXShellScriptBuildPhase;
			buildActionMask = 2147483647;
			files = (
			);
			inputPaths = (
			);
			name = "[CP] Copy Pods Resources";
			outputPaths = (
			);
			runOnlyForDeploymentPostprocessing = 0;
			shellPath = /bin/sh;
			shellScript = "\"${SRCROOT}/Pods/Target Support Files/Pods-LeetLoot/Pods-LeetLoot-resources.sh\"\n";
			showEnvVarsInLog = 0;
		};
		71D3CD604C95FFBFC94FC895 /* [CP] Check Pods Manifest.lock */ = {
			isa = PBXShellScriptBuildPhase;
			buildActionMask = 2147483647;
			files = (
			);
			inputPaths = (
				"${PODS_PODFILE_DIR_PATH}/Podfile.lock",
				"${PODS_ROOT}/Manifest.lock",
			);
			name = "[CP] Check Pods Manifest.lock";
			outputPaths = (
				"$(DERIVED_FILE_DIR)/Pods-LeetLootTests-checkManifestLockResult.txt",
			);
			runOnlyForDeploymentPostprocessing = 0;
			shellPath = /bin/sh;
			shellScript = "diff \"${PODS_PODFILE_DIR_PATH}/Podfile.lock\" \"${PODS_ROOT}/Manifest.lock\" > /dev/null\nif [ $? != 0 ] ; then\n    # print error to STDERR\n    echo \"error: The sandbox is not in sync with the Podfile.lock. Run 'pod install' or update your CocoaPods installation.\" >&2\n    exit 1\nfi\n# This output is used by Xcode 'outputs' to avoid re-running this script phase.\necho \"SUCCESS\" > \"${SCRIPT_OUTPUT_FILE_0}\"\n";
			showEnvVarsInLog = 0;
		};
		B1888780EC3315B77DF02BAC /* [CP] Embed Pods Frameworks */ = {
			isa = PBXShellScriptBuildPhase;
			buildActionMask = 2147483647;
			files = (
			);
			inputPaths = (
			);
			name = "[CP] Embed Pods Frameworks";
			outputPaths = (
			);
			runOnlyForDeploymentPostprocessing = 0;
			shellPath = /bin/sh;
			shellScript = "\"${SRCROOT}/Pods/Target Support Files/Pods-LeetLootTests/Pods-LeetLootTests-frameworks.sh\"\n";
			showEnvVarsInLog = 0;
		};
		D8E048AA4E76D2CE2C3EDF51 /* [CP] Embed Pods Frameworks */ = {
			isa = PBXShellScriptBuildPhase;
			buildActionMask = 2147483647;
			files = (
			);
			inputPaths = (
				"${SRCROOT}/Pods/Target Support Files/Pods-LeetLoot/Pods-LeetLoot-frameworks.sh",
				"${BUILT_PRODUCTS_DIR}/GoogleToolboxForMac/GoogleToolboxForMac.framework",
				"${BUILT_PRODUCTS_DIR}/nanopb/nanopb.framework",
			);
			name = "[CP] Embed Pods Frameworks";
			outputPaths = (
				"${TARGET_BUILD_DIR}/${FRAMEWORKS_FOLDER_PATH}/GoogleToolboxForMac.framework",
				"${TARGET_BUILD_DIR}/${FRAMEWORKS_FOLDER_PATH}/nanopb.framework",
			);
			runOnlyForDeploymentPostprocessing = 0;
			shellPath = /bin/sh;
			shellScript = "\"${SRCROOT}/Pods/Target Support Files/Pods-LeetLoot/Pods-LeetLoot-frameworks.sh\"\n";
			showEnvVarsInLog = 0;
		};
/* End PBXShellScriptBuildPhase section */

/* Begin PBXSourcesBuildPhase section */
		AB7847BE1FDDFB24008EBD70 /* Sources */ = {
			isa = PBXSourcesBuildPhase;
			buildActionMask = 2147483647;
			files = (
				AB3CE83920068D2A00EF3A5D /* Merch_Header_Cell.swift in Sources */,
				AB6DA787200FF75500135CF5 /* ScrollView.swift in Sources */,
				AB7847C81FDDFB24008EBD70 /* Home.swift in Sources */,
				BE24D7381FF585C600E745E6 /* Browse.swift in Sources */,
				AB7847C61FDDFB24008EBD70 /* AppDelegate.swift in Sources */,
				AB3CE83720068D0A00EF3A5D /* Merch_Cell.swift in Sources */,
				AB7CE6411FF8901C0050125C /* General+Extension.swift in Sources */,
				BE24D73A1FF585EC00E745E6 /* PageView.swift in Sources */,
				AB3CE83320068CAA00EF3A5D /* Browse_Game+Extension.swift in Sources */,
				AB406EF01FF76E9600A1FD1D /* MenuBar.swift in Sources */,
				AB3CE83520068CC500EF3A5D /* Browse_Game.swift in Sources */,
				ABBC3F89201011330004C2C5 /* Constants.swift in Sources */,
				ABA5A91520106DC9005D66D5 /* BuyItem.swift in Sources */,
			);
			runOnlyForDeploymentPostprocessing = 0;
		};
		AB7847D21FDDFB24008EBD70 /* Sources */ = {
			isa = PBXSourcesBuildPhase;
			buildActionMask = 2147483647;
			files = (
				AB7847DB1FDDFB24008EBD70 /* LeetLootTests.swift in Sources */,
			);
			runOnlyForDeploymentPostprocessing = 0;
		};
/* End PBXSourcesBuildPhase section */

/* Begin PBXTargetDependency section */
		AB7847D81FDDFB24008EBD70 /* PBXTargetDependency */ = {
			isa = PBXTargetDependency;
			target = AB7847C11FDDFB24008EBD70 /* LeetLoot */;
			targetProxy = AB7847D71FDDFB24008EBD70 /* PBXContainerItemProxy */;
		};
/* End PBXTargetDependency section */

/* Begin PBXVariantGroup section */
		AB7847CE1FDDFB24008EBD70 /* LaunchScreen.storyboard */ = {
			isa = PBXVariantGroup;
			children = (
				AB7847CF1FDDFB24008EBD70 /* Base */,
			);
			name = LaunchScreen.storyboard;
			sourceTree = "<group>";
		};
/* End PBXVariantGroup section */

/* Begin XCBuildConfiguration section */
		AB7847DD1FDDFB24008EBD70 /* Debug */ = {
			isa = XCBuildConfiguration;
			buildSettings = {
				ALWAYS_SEARCH_USER_PATHS = NO;
				CLANG_ANALYZER_NONNULL = YES;
				CLANG_ANALYZER_NUMBER_OBJECT_CONVERSION = YES_AGGRESSIVE;
				CLANG_CXX_LANGUAGE_STANDARD = "gnu++14";
				CLANG_CXX_LIBRARY = "libc++";
				CLANG_ENABLE_MODULES = YES;
				CLANG_ENABLE_OBJC_ARC = YES;
				CLANG_WARN_BLOCK_CAPTURE_AUTORELEASING = YES;
				CLANG_WARN_BOOL_CONVERSION = YES;
				CLANG_WARN_COMMA = YES;
				CLANG_WARN_CONSTANT_CONVERSION = YES;
				CLANG_WARN_DIRECT_OBJC_ISA_USAGE = YES_ERROR;
				CLANG_WARN_DOCUMENTATION_COMMENTS = YES;
				CLANG_WARN_EMPTY_BODY = YES;
				CLANG_WARN_ENUM_CONVERSION = YES;
				CLANG_WARN_INFINITE_RECURSION = YES;
				CLANG_WARN_INT_CONVERSION = YES;
				CLANG_WARN_NON_LITERAL_NULL_CONVERSION = YES;
				CLANG_WARN_OBJC_LITERAL_CONVERSION = YES;
				CLANG_WARN_OBJC_ROOT_CLASS = YES_ERROR;
				CLANG_WARN_RANGE_LOOP_ANALYSIS = YES;
				CLANG_WARN_STRICT_PROTOTYPES = YES;
				CLANG_WARN_SUSPICIOUS_MOVE = YES;
				CLANG_WARN_UNGUARDED_AVAILABILITY = YES_AGGRESSIVE;
				CLANG_WARN_UNREACHABLE_CODE = YES;
				CLANG_WARN__DUPLICATE_METHOD_MATCH = YES;
				CODE_SIGN_IDENTITY = "iPhone Developer";
				COPY_PHASE_STRIP = NO;
				DEBUG_INFORMATION_FORMAT = dwarf;
				ENABLE_STRICT_OBJC_MSGSEND = YES;
				ENABLE_TESTABILITY = YES;
				GCC_C_LANGUAGE_STANDARD = gnu11;
				GCC_DYNAMIC_NO_PIC = NO;
				GCC_NO_COMMON_BLOCKS = YES;
				GCC_OPTIMIZATION_LEVEL = 0;
				GCC_PREPROCESSOR_DEFINITIONS = (
					"DEBUG=1",
					"$(inherited)",
				);
				GCC_WARN_64_TO_32_BIT_CONVERSION = YES;
				GCC_WARN_ABOUT_RETURN_TYPE = YES_ERROR;
				GCC_WARN_UNDECLARED_SELECTOR = YES;
				GCC_WARN_UNINITIALIZED_AUTOS = YES_AGGRESSIVE;
				GCC_WARN_UNUSED_FUNCTION = YES;
				GCC_WARN_UNUSED_VARIABLE = YES;
				IPHONEOS_DEPLOYMENT_TARGET = 11.2;
				MTL_ENABLE_DEBUG_INFO = YES;
				ONLY_ACTIVE_ARCH = YES;
				SDKROOT = iphoneos;
				SWIFT_ACTIVE_COMPILATION_CONDITIONS = DEBUG;
				SWIFT_OPTIMIZATION_LEVEL = "-Onone";
			};
			name = Debug;
		};
		AB7847DE1FDDFB24008EBD70 /* Release */ = {
			isa = XCBuildConfiguration;
			buildSettings = {
				ALWAYS_SEARCH_USER_PATHS = NO;
				CLANG_ANALYZER_NONNULL = YES;
				CLANG_ANALYZER_NUMBER_OBJECT_CONVERSION = YES_AGGRESSIVE;
				CLANG_CXX_LANGUAGE_STANDARD = "gnu++14";
				CLANG_CXX_LIBRARY = "libc++";
				CLANG_ENABLE_MODULES = YES;
				CLANG_ENABLE_OBJC_ARC = YES;
				CLANG_WARN_BLOCK_CAPTURE_AUTORELEASING = YES;
				CLANG_WARN_BOOL_CONVERSION = YES;
				CLANG_WARN_COMMA = YES;
				CLANG_WARN_CONSTANT_CONVERSION = YES;
				CLANG_WARN_DIRECT_OBJC_ISA_USAGE = YES_ERROR;
				CLANG_WARN_DOCUMENTATION_COMMENTS = YES;
				CLANG_WARN_EMPTY_BODY = YES;
				CLANG_WARN_ENUM_CONVERSION = YES;
				CLANG_WARN_INFINITE_RECURSION = YES;
				CLANG_WARN_INT_CONVERSION = YES;
				CLANG_WARN_NON_LITERAL_NULL_CONVERSION = YES;
				CLANG_WARN_OBJC_LITERAL_CONVERSION = YES;
				CLANG_WARN_OBJC_ROOT_CLASS = YES_ERROR;
				CLANG_WARN_RANGE_LOOP_ANALYSIS = YES;
				CLANG_WARN_STRICT_PROTOTYPES = YES;
				CLANG_WARN_SUSPICIOUS_MOVE = YES;
				CLANG_WARN_UNGUARDED_AVAILABILITY = YES_AGGRESSIVE;
				CLANG_WARN_UNREACHABLE_CODE = YES;
				CLANG_WARN__DUPLICATE_METHOD_MATCH = YES;
				CODE_SIGN_IDENTITY = "iPhone Developer";
				COPY_PHASE_STRIP = NO;
				DEBUG_INFORMATION_FORMAT = "dwarf-with-dsym";
				ENABLE_NS_ASSERTIONS = NO;
				ENABLE_STRICT_OBJC_MSGSEND = YES;
				GCC_C_LANGUAGE_STANDARD = gnu11;
				GCC_NO_COMMON_BLOCKS = YES;
				GCC_WARN_64_TO_32_BIT_CONVERSION = YES;
				GCC_WARN_ABOUT_RETURN_TYPE = YES_ERROR;
				GCC_WARN_UNDECLARED_SELECTOR = YES;
				GCC_WARN_UNINITIALIZED_AUTOS = YES_AGGRESSIVE;
				GCC_WARN_UNUSED_FUNCTION = YES;
				GCC_WARN_UNUSED_VARIABLE = YES;
				IPHONEOS_DEPLOYMENT_TARGET = 11.2;
				MTL_ENABLE_DEBUG_INFO = NO;
				SDKROOT = iphoneos;
				SWIFT_OPTIMIZATION_LEVEL = "-Owholemodule";
				VALIDATE_PRODUCT = YES;
			};
			name = Release;
		};
		AB7847E01FDDFB24008EBD70 /* Debug */ = {
			isa = XCBuildConfiguration;
			baseConfigurationReference = B32F9ADFD97BBE109C6F27A6 /* Pods-LeetLoot.debug.xcconfig */;
			buildSettings = {
				ASSETCATALOG_COMPILER_APPICON_NAME = AppIcon;
				CODE_SIGN_STYLE = Automatic;
				DEVELOPMENT_TEAM = QHXQSMBDV2;
				INFOPLIST_FILE = "$(SRCROOT)/LeetLoot/Supporting Files/Info.plist";
				LD_RUNPATH_SEARCH_PATHS = "$(inherited) @executable_path/Frameworks";
				PRODUCT_BUNDLE_IDENTIFIER = OSU.Capstone.eBay.LeetLoot;
				PRODUCT_NAME = "$(TARGET_NAME)";
				SWIFT_VERSION = 4.0;
				TARGETED_DEVICE_FAMILY = "1,2";
			};
			name = Debug;
		};
		AB7847E11FDDFB24008EBD70 /* Release */ = {
			isa = XCBuildConfiguration;
			baseConfigurationReference = 2273B31204F924AED3B719B2 /* Pods-LeetLoot.release.xcconfig */;
			buildSettings = {
				ASSETCATALOG_COMPILER_APPICON_NAME = AppIcon;
				CODE_SIGN_STYLE = Automatic;
				DEVELOPMENT_TEAM = QHXQSMBDV2;
				INFOPLIST_FILE = "$(SRCROOT)/LeetLoot/Supporting Files/Info.plist";
				LD_RUNPATH_SEARCH_PATHS = "$(inherited) @executable_path/Frameworks";
				PRODUCT_BUNDLE_IDENTIFIER = OSU.Capstone.eBay.LeetLoot;
				PRODUCT_NAME = "$(TARGET_NAME)";
				SWIFT_VERSION = 4.0;
				TARGETED_DEVICE_FAMILY = "1,2";
			};
			name = Release;
		};
		AB7847E31FDDFB24008EBD70 /* Debug */ = {
			isa = XCBuildConfiguration;
			baseConfigurationReference = 26B939428E35986B807F8E56 /* Pods-LeetLootTests.debug.xcconfig */;
			buildSettings = {
				ALWAYS_EMBED_SWIFT_STANDARD_LIBRARIES = YES;
				BUNDLE_LOADER = "$(TEST_HOST)";
				CODE_SIGN_STYLE = Automatic;
				DEVELOPMENT_TEAM = QHXQSMBDV2;
				INFOPLIST_FILE = LeetLootTests/Info.plist;
				LD_RUNPATH_SEARCH_PATHS = "$(inherited) @executable_path/Frameworks @loader_path/Frameworks";
				PRODUCT_BUNDLE_IDENTIFIER = OSU.Capstone.eBay.LeetLootTests;
				PRODUCT_NAME = "$(TARGET_NAME)";
				SWIFT_VERSION = 4.0;
				TARGETED_DEVICE_FAMILY = "1,2";
				TEST_HOST = "$(BUILT_PRODUCTS_DIR)/LeetLoot.app/LeetLoot";
			};
			name = Debug;
		};
		AB7847E41FDDFB24008EBD70 /* Release */ = {
			isa = XCBuildConfiguration;
			baseConfigurationReference = 7A1F30C730B697589D58797A /* Pods-LeetLootTests.release.xcconfig */;
			buildSettings = {
				ALWAYS_EMBED_SWIFT_STANDARD_LIBRARIES = YES;
				BUNDLE_LOADER = "$(TEST_HOST)";
				CODE_SIGN_STYLE = Automatic;
				DEVELOPMENT_TEAM = QHXQSMBDV2;
				INFOPLIST_FILE = LeetLootTests/Info.plist;
				LD_RUNPATH_SEARCH_PATHS = "$(inherited) @executable_path/Frameworks @loader_path/Frameworks";
				PRODUCT_BUNDLE_IDENTIFIER = OSU.Capstone.eBay.LeetLootTests;
				PRODUCT_NAME = "$(TARGET_NAME)";
				SWIFT_VERSION = 4.0;
				TARGETED_DEVICE_FAMILY = "1,2";
				TEST_HOST = "$(BUILT_PRODUCTS_DIR)/LeetLoot.app/LeetLoot";
			};
			name = Release;
		};
/* End XCBuildConfiguration section */

/* Begin XCConfigurationList section */
		AB7847BD1FDDFB24008EBD70 /* Build configuration list for PBXProject "LeetLoot" */ = {
			isa = XCConfigurationList;
			buildConfigurations = (
				AB7847DD1FDDFB24008EBD70 /* Debug */,
				AB7847DE1FDDFB24008EBD70 /* Release */,
			);
			defaultConfigurationIsVisible = 0;
			defaultConfigurationName = Release;
		};
		AB7847DF1FDDFB24008EBD70 /* Build configuration list for PBXNativeTarget "LeetLoot" */ = {
			isa = XCConfigurationList;
			buildConfigurations = (
				AB7847E01FDDFB24008EBD70 /* Debug */,
				AB7847E11FDDFB24008EBD70 /* Release */,
			);
			defaultConfigurationIsVisible = 0;
			defaultConfigurationName = Release;
		};
		AB7847E21FDDFB24008EBD70 /* Build configuration list for PBXNativeTarget "LeetLootTests" */ = {
			isa = XCConfigurationList;
			buildConfigurations = (
				AB7847E31FDDFB24008EBD70 /* Debug */,
				AB7847E41FDDFB24008EBD70 /* Release */,
			);
			defaultConfigurationIsVisible = 0;
			defaultConfigurationName = Release;
		};
/* End XCConfigurationList section */
	};
	rootObject = AB7847BA1FDDFB24008EBD70 /* Project object */;
}
